
Microsoft Visual Studio Solution File, Format Version 12.00
# Visual Studio Version 16
VisualStudioVersion = 16.0.32106.194
MinimumVisualStudioVersion = 10.0.40219.1
Project("{FAE04EC0-301F-11D3-BF4B-00C04F79EFBC}") = "ProyectoStilosoft", "ProyectoStilosoft\ProyectoStilosoft.csproj", "{0826A373-DDB6-4086-B877-4069B3EAE875}"
EndProject
Project("{FAE04EC0-301F-11D3-BF4B-00C04F79EFBC}") = "Stilosoft.Business", "Stilosoft.Business\Stilosoft.Business.csproj", "{89D241DF-A0E8-4E69-A48E-10A6C0B528DA}"
EndProject
Project("{FAE04EC0-301F-11D3-BF4B-00C04F79EFBC}") = "Stilosoft.Model", "Stilosoft.Model\Stilosoft.Model.csproj", "{9F4BEB05-A204-4F45-958C-E932EF948BCE}"
EndProject
Global
	GlobalSection(SolutionConfigurationPlatforms) = preSolution
		Debug|Any CPU = Debug|Any CPU
		Release|Any CPU = Release|Any CPU
	EndGlobalSection
	GlobalSection(ProjectConfigurationPlatforms) = postSolution
		{0826A373-DDB6-4086-B877-4069B3EAE875}.Debug|Any CPU.ActiveCfg = Debug|Any CPU
		{0826A373-DDB6-4086-B877-4069B3EAE875}.Debug|Any CPU.Build.0 = Debug|Any CPU
		{0826A373-DDB6-4086-B877-4069B3EAE875}.Release|Any CPU.ActiveCfg = Release|Any CPU
		{0826A373-DDB6-4086-B877-4069B3EAE875}.Release|Any CPU.Build.0 = Release|Any CPU
		{89D241DF-A0E8-4E69-A48E-10A6C0B528DA}.Debug|Any CPU.ActiveCfg = Debug|Any CPU
		{89D241DF-A0E8-4E69-A48E-10A6C0B528DA}.Debug|Any CPU.Build.0 = Debug|Any CPU
		{89D241DF-A0E8-4E69-A48E-10A6C0B528DA}.Release|Any CPU.ActiveCfg = Release|Any CPU
		{89D241DF-A0E8-4E69-A48E-10A6C0B528DA}.Release|Any CPU.Build.0 = Release|Any CPU
		{9F4BEB05-A204-4F45-958C-E932EF948BCE}.Debug|Any CPU.ActiveCfg = Debug|Any CPU
		{9F4BEB05-A204-4F45-958C-E932EF948BCE}.Debug|Any CPU.Build.0 = Debug|Any CPU
		{9F4BEB05-A204-4F45-958C-E932EF948BCE}.Release|Any CPU.ActiveCfg = Release|Any CPU
		{9F4BEB05-A204-4F45-958C-E932EF948BCE}.Release|Any CPU.Build.0 = Release|Any CPU
	EndGlobalSection
	GlobalSection(SolutionProperties) = preSolution
		HideSolutionNode = FALSE
	EndGlobalSection
	GlobalSection(ExtensibilityGlobals) = postSolution
		SolutionGuid = {842239D4-2BB9-41C3-A77D-7C3C59A740D5}
	EndGlobalSection
EndGlobal
